{
    "_meta": {
        "hash": {
            "sha256": "75c35df8745aa9e79aa33bc6a16a646f51141d6320c43a1231a090aa26d43fe3"
        },
        "pipfile-spec": 6,
        "requires": {
            "python_full_version": "3.11.1",
            "python_version": "3.11"
        },
        "sources": [
            {
                "name": "pypi",
                "url": "https://pypi.org/simple",
                "verify_ssl": true
            }
        ]
    },
    "default": {
        "asgiref": {
            "hashes": [
                "sha256:89b2ef2247e3b562a16eef663bc0e2e703ec6468e2fa8a5cd61cd449786d4f6e",
                "sha256:9e0ce3aa93a819ba5b45120216b23878cf6e8525eb3848653452b4192b92afed"
            ],
            "markers": "python_version >= '3.7'",
            "version": "==3.7.2"
        },
        "django": {
            "hashes": [
                "sha256:8e0f1c2c2786b5c0e39fe1afce24c926040fad47c8ea8ad30aaf1188df29fc41",
                "sha256:e1d37c51ad26186de355cbcec16613ebdabfa9689bbade9c538835205a8abbe9"
            ],
            "index": "pypi",
            "version": "==4.2.7"
        },
        "djangorestframework": {
            "hashes": [
                "sha256:579a333e6256b09489cbe0a067e66abe55c6595d8926be6b99423786334350c8",
                "sha256:eb63f58c9f218e1a7d064d17a70751f528ed4e1d35547fdade9aaf4cd103fd08"
            ],
            "markers": "python_version >= '3.6'",
            "version": "==3.14.0"
        },
        "djangorestframework-simplejwt": {
            "hashes": [
                "sha256:153c973c5c154baf566be431de8527c2bd62557fde7373ebcb0f02b73b28e07a",
                "sha256:6f09f97cb015265e85d1d02dc6bfc299c72c231eecbe261c5bee5c6b2867f2b4"
            ],
            "index": "pypi",
            "version": "==4.8.0"
        },
        "ninja": {
            "hashes": [
                "sha256:18302d96a5467ea98b68e1cae1ae4b4fb2b2a56a82b955193c637557c7273dbd",
                "sha256:185e0641bde601e53841525c4196278e9aaf4463758da6dd1e752c0a0f54136a",
                "sha256:376889c76d87b95b5719fdd61dd7db193aa7fd4432e5d52d2e44e4c497bdbbee",
                "sha256:3e0f9be5bb20d74d58c66cc1c414c3e6aeb45c35b0d0e41e8d739c2c0d57784f",
                "sha256:73b93c14046447c7c5cc892433d4fae65d6364bec6685411cb97a8bcf815f93a",
                "sha256:7563ce1d9fe6ed5af0b8dd9ab4a214bf4ff1f2f6fd6dc29f480981f0f8b8b249",
                "sha256:76482ba746a2618eecf89d5253c0d1e4f1da1270d41e9f54dfbd91831b0f6885",
                "sha256:84502ec98f02a037a169c4b0d5d86075eaf6afc55e1879003d6cab51ced2ea4b",
                "sha256:95da904130bfa02ea74ff9c0116b4ad266174fafb1c707aa50212bc7859aebf1",
                "sha256:9d793b08dd857e38d0b6ffe9e6b7145d7c485a42dcfea04905ca0cdb6017cc3c",
                "sha256:9df724344202b83018abb45cb1efc22efd337a1496514e7e6b3b59655be85205",
                "sha256:aad34a70ef15b12519946c5633344bc775a7656d789d9ed5fdb0d456383716ef",
                "sha256:d491fc8d89cdcb416107c349ad1e3a735d4c4af5e1cb8f5f727baca6350fdaea",
                "sha256:ecf80cf5afd09f14dcceff28cb3f11dc90fb97c999c89307aea435889cb66877",
                "sha256:fa2ba9d74acfdfbfbcf06fad1b8282de8a7a8c481d9dee45c859a8c93fcc1082"
            ],
            "index": "pypi",
            "version": "==1.11.1.1"
        },
        "pyjwt": {
            "hashes": [
                "sha256:57e28d156e3d5c10088e0c68abb90bfac3df82b40a71bd0daa20c65ccd5c23de",
                "sha256:59127c392cc44c2da5bb3192169a91f429924e17aff6534d70fdc02ab3e04320"
            ],
            "markers": "python_version >= '3.7'",
            "version": "==2.8.0"
        },
        "pytz": {
            "hashes": [
                "sha256:7b4fddbeb94a1eba4b557da24f19fdf9db575192544270a9101d8509f9f43d7b",
                "sha256:ce42d816b81b68506614c11e8937d3aa9e41007ceb50bfdcb0749b921bf646c7"
            ],
            "version": "==2023.3.post1"
        },
        "sqlparse": {
            "hashes": [
                "sha256:5430a4fe2ac7d0f93e66f1efc6e1338a41884b7ddf2a350cedd20ccc4d9d28f3",
                "sha256:d446183e84b8349fa3061f0fe7f06ca94ba65b426946ffebe6e3e8295332420c"
            ],
            "markers": "python_version >= '3.5'",
            "version": "==0.4.4"
        }
    },
    "develop": {}
}
